
Microsoft Visual Studio Solution File, Format Version 12.00
# Visual Studio Version 17
VisualStudioVersion = 17.5.33414.496
MinimumVisualStudioVersion = 10.0.40219.1
Project("{FAE04EC0-301F-11D3-BF4B-00C04F79EFBC}") = "lab5", "lab5\lab5.csproj", "{F3AD89B4-7202-4B5C-8642-4A044DCCCABE}"
EndProject
Global
	GlobalSection(SolutionConfigurationPlatforms) = preSolution
		Debug|Any CPU = Debug|Any CPU
		Release|Any CPU = Release|Any CPU
	EndGlobalSection
	GlobalSection(ProjectConfigurationPlatforms) = postSolution
		{F3AD89B4-7202-4B5C-8642-4A044DCCCABE}.Debug|Any CPU.ActiveCfg = Debug|Any CPU
		{F3AD89B4-7202-4B5C-8642-4A044DCCCABE}.Debug|Any CPU.Build.0 = Debug|Any CPU
		{F3AD89B4-7202-4B5C-8642-4A044DCCCABE}.Release|Any CPU.ActiveCfg = Release|Any CPU
		{F3AD89B4-7202-4B5C-8642-4A044DCCCABE}.Release|Any CPU.Build.0 = Release|Any CPU
	EndGlobalSection
	GlobalSection(SolutionProperties) = preSolution
		HideSolutionNode = FALSE
	EndGlobalSection
	GlobalSection(ExtensibilityGlobals) = postSolution
		SolutionGuid = {C1FA02A3-E61F-4AB7-B522-B149C9DFAF7B}
	EndGlobalSection
EndGlobal
